
Microsoft Visual Studio Solution File, Format Version 12.00
# Visual Studio Version 16
VisualStudioVersion = 16.0.30611.23
MinimumVisualStudioVersion = 10.0.40219.1
Project("{FAE04EC0-301F-11D3-BF4B-00C04F79EFBC}") = "int32max", "int32max\int32max.csproj", "{C44E64E8-07A4-44D5-B6CE-947B50B1E5F4}"
EndProject
Global
	GlobalSection(SolutionConfigurationPlatforms) = preSolution
		Debug|Any CPU = Debug|Any CPU
		Release|Any CPU = Release|Any CPU
	EndGlobalSection
	GlobalSection(ProjectConfigurationPlatforms) = postSolution
		{C44E64E8-07A4-44D5-B6CE-947B50B1E5F4}.Debug|Any CPU.ActiveCfg = Debug|Any CPU
		{C44E64E8-07A4-44D5-B6CE-947B50B1E5F4}.Debug|Any CPU.Build.0 = Debug|Any CPU
		{C44E64E8-07A4-44D5-B6CE-947B50B1E5F4}.Release|Any CPU.ActiveCfg = Release|Any CPU
		{C44E64E8-07A4-44D5-B6CE-947B50B1E5F4}.Release|Any CPU.Build.0 = Release|Any CPU
	EndGlobalSection
	GlobalSection(SolutionProperties) = preSolution
		HideSolutionNode = FALSE
	EndGlobalSection
	GlobalSection(ExtensibilityGlobals) = postSolution
		SolutionGuid = {151CCA0F-C828-4A0C-A014-98534EF05C3F}
	EndGlobalSection
EndGlobal
