
Microsoft Visual Studio Solution File, Format Version 12.00
# Visual Studio Version 16
VisualStudioVersion = 16.0.30717.126
MinimumVisualStudioVersion = 10.0.40219.1
Project("{FAE04EC0-301F-11D3-BF4B-00C04F79EFBC}") = "myproject", "myproject\myproject.csproj", "{D5456A57-25FB-448B-BE80-787EAAA17815}"
EndProject
Global
	GlobalSection(SolutionConfigurationPlatforms) = preSolution
		Debug|Any CPU = Debug|Any CPU
		Release|Any CPU = Release|Any CPU
	EndGlobalSection
	GlobalSection(ProjectConfigurationPlatforms) = postSolution
		{D5456A57-25FB-448B-BE80-787EAAA17815}.Debug|Any CPU.ActiveCfg = Debug|Any CPU
		{D5456A57-25FB-448B-BE80-787EAAA17815}.Debug|Any CPU.Build.0 = Debug|Any CPU
		{D5456A57-25FB-448B-BE80-787EAAA17815}.Release|Any CPU.ActiveCfg = Release|Any CPU
		{D5456A57-25FB-448B-BE80-787EAAA17815}.Release|Any CPU.Build.0 = Release|Any CPU
	EndGlobalSection
	GlobalSection(SolutionProperties) = preSolution
		HideSolutionNode = FALSE
	EndGlobalSection
	GlobalSection(ExtensibilityGlobals) = postSolution
		SolutionGuid = {B650FB10-1DE0-49E0-BA09-5093ACBD83A1}
	EndGlobalSection
EndGlobal
