
Microsoft Visual Studio Solution File, Format Version 12.00
# Visual Studio Version 16
VisualStudioVersion = 16.0.30611.23
MinimumVisualStudioVersion = 10.0.40219.1
Project("{FAE04EC0-301F-11D3-BF4B-00C04F79EFBC}") = "parallelprogrammin", "parallelprogrammin\parallelprogrammin.csproj", "{616C9892-6F40-458E-8DD5-164A63DD1670}"
EndProject
Global
	GlobalSection(SolutionConfigurationPlatforms) = preSolution
		Debug|Any CPU = Debug|Any CPU
		Release|Any CPU = Release|Any CPU
	EndGlobalSection
	GlobalSection(ProjectConfigurationPlatforms) = postSolution
		{616C9892-6F40-458E-8DD5-164A63DD1670}.Debug|Any CPU.ActiveCfg = Debug|Any CPU
		{616C9892-6F40-458E-8DD5-164A63DD1670}.Debug|Any CPU.Build.0 = Debug|Any CPU
		{616C9892-6F40-458E-8DD5-164A63DD1670}.Release|Any CPU.ActiveCfg = Release|Any CPU
		{616C9892-6F40-458E-8DD5-164A63DD1670}.Release|Any CPU.Build.0 = Release|Any CPU
	EndGlobalSection
	GlobalSection(SolutionProperties) = preSolution
		HideSolutionNode = FALSE
	EndGlobalSection
	GlobalSection(ExtensibilityGlobals) = postSolution
		SolutionGuid = {61FBCC26-A04B-4167-997D-8B17048FCE1D}
	EndGlobalSection
EndGlobal
