
Microsoft Visual Studio Solution File, Format Version 12.00
# Visual Studio Version 16
VisualStudioVersion = 16.0.30717.126
MinimumVisualStudioVersion = 10.0.40219.1
Project("{FAE04EC0-301F-11D3-BF4B-00C04F79EFBC}") = "task2", "task2\task2.csproj", "{0CEDC5E3-327E-4BC3-B06F-571A890FC21B}"
EndProject
Global
	GlobalSection(SolutionConfigurationPlatforms) = preSolution
		Debug|Any CPU = Debug|Any CPU
		Release|Any CPU = Release|Any CPU
	EndGlobalSection
	GlobalSection(ProjectConfigurationPlatforms) = postSolution
		{0CEDC5E3-327E-4BC3-B06F-571A890FC21B}.Debug|Any CPU.ActiveCfg = Debug|Any CPU
		{0CEDC5E3-327E-4BC3-B06F-571A890FC21B}.Debug|Any CPU.Build.0 = Debug|Any CPU
		{0CEDC5E3-327E-4BC3-B06F-571A890FC21B}.Release|Any CPU.ActiveCfg = Release|Any CPU
		{0CEDC5E3-327E-4BC3-B06F-571A890FC21B}.Release|Any CPU.Build.0 = Release|Any CPU
	EndGlobalSection
	GlobalSection(SolutionProperties) = preSolution
		HideSolutionNode = FALSE
	EndGlobalSection
	GlobalSection(ExtensibilityGlobals) = postSolution
		SolutionGuid = {5021DDBF-9055-4EBB-8B71-595270B43922}
	EndGlobalSection
EndGlobal
