
Microsoft Visual Studio Solution File, Format Version 12.00
# Visual Studio Version 16
VisualStudioVersion = 16.0.30611.23
MinimumVisualStudioVersion = 10.0.40219.1
Project("{2150E333-8FDC-42A3-9474-1A3956D46DE8}") = "Solution Items", "Solution Items", "{84B98A86-5A79-4A59-85B7-F49F0D37A4F6}"
	ProjectSection(SolutionItems) = preProject
		HTMLPage1.html = HTMLPage1.html
		HTMLPage2.html = HTMLPage2.html
		HTMLPage3.html = HTMLPage3.html
		HTMLPage5.html = HTMLPage5.html
		HTMLPage6.html = HTMLPage6.html
		HTMLPage7.html = HTMLPage7.html
		StyleSheet2.css = StyleSheet2.css
	EndProjectSection
EndProject
Global
	GlobalSection(SolutionProperties) = preSolution
		HideSolutionNode = FALSE
	EndGlobalSection
	GlobalSection(ExtensibilityGlobals) = postSolution
		SolutionGuid = {E4081E4A-3C31-433D-A492-49B4EB8FADD3}
	EndGlobalSection
EndGlobal
