
Microsoft Visual Studio Solution File, Format Version 12.00
# Visual Studio Version 16
VisualStudioVersion = 16.0.30611.23
MinimumVisualStudioVersion = 10.0.40219.1
Project("{FAE04EC0-301F-11D3-BF4B-00C04F79EFBC}") = "project2", "project2\project2.csproj", "{AC6D646B-FF8F-4E8E-9DC0-DDA736F89086}"
EndProject
Global
	GlobalSection(SolutionConfigurationPlatforms) = preSolution
		Debug|Any CPU = Debug|Any CPU
		Release|Any CPU = Release|Any CPU
	EndGlobalSection
	GlobalSection(ProjectConfigurationPlatforms) = postSolution
		{AC6D646B-FF8F-4E8E-9DC0-DDA736F89086}.Debug|Any CPU.ActiveCfg = Debug|Any CPU
		{AC6D646B-FF8F-4E8E-9DC0-DDA736F89086}.Debug|Any CPU.Build.0 = Debug|Any CPU
		{AC6D646B-FF8F-4E8E-9DC0-DDA736F89086}.Release|Any CPU.ActiveCfg = Release|Any CPU
		{AC6D646B-FF8F-4E8E-9DC0-DDA736F89086}.Release|Any CPU.Build.0 = Release|Any CPU
	EndGlobalSection
	GlobalSection(SolutionProperties) = preSolution
		HideSolutionNode = FALSE
	EndGlobalSection
	GlobalSection(ExtensibilityGlobals) = postSolution
		SolutionGuid = {42107241-A7D4-4087-894C-C3BE4E96BBFD}
	EndGlobalSection
EndGlobal
