
Microsoft Visual Studio Solution File, Format Version 12.00
# Visual Studio Version 16
VisualStudioVersion = 16.0.30611.23
MinimumVisualStudioVersion = 10.0.40219.1
Project("{FAE04EC0-301F-11D3-BF4B-00C04F79EFBC}") = "firstproject", "firstproject\firstproject.csproj", "{8B0E5F4B-8A58-46B1-AFBF-FA5687DC28EE}"
EndProject
Global
	GlobalSection(SolutionConfigurationPlatforms) = preSolution
		Debug|Any CPU = Debug|Any CPU
		Release|Any CPU = Release|Any CPU
	EndGlobalSection
	GlobalSection(ProjectConfigurationPlatforms) = postSolution
		{8B0E5F4B-8A58-46B1-AFBF-FA5687DC28EE}.Debug|Any CPU.ActiveCfg = Debug|Any CPU
		{8B0E5F4B-8A58-46B1-AFBF-FA5687DC28EE}.Debug|Any CPU.Build.0 = Debug|Any CPU
		{8B0E5F4B-8A58-46B1-AFBF-FA5687DC28EE}.Release|Any CPU.ActiveCfg = Release|Any CPU
		{8B0E5F4B-8A58-46B1-AFBF-FA5687DC28EE}.Release|Any CPU.Build.0 = Release|Any CPU
	EndGlobalSection
	GlobalSection(SolutionProperties) = preSolution
		HideSolutionNode = FALSE
	EndGlobalSection
	GlobalSection(ExtensibilityGlobals) = postSolution
		SolutionGuid = {3B6BCBFF-23F9-42B2-8B00-6D8DF13396C4}
	EndGlobalSection
EndGlobal
